// !$*UTF8*$!
{
	archiveVersion = 1;
	classes = {
	};
	objectVersion = 55;
	objects = {

/* Begin PBXBuildFile section */
		54D40B7B2807600500545EC5 /* AppDelegate.swift in Sources */ = {isa = PBXBuildFile; fileRef = 54D40B7A2807600500545EC5 /* AppDelegate.swift */; };
		54D40B7D2807600500545EC5 /* SceneDelegate.swift in Sources */ = {isa = PBXBuildFile; fileRef = 54D40B7C2807600500545EC5 /* SceneDelegate.swift */; };
		54D40B842807600A00545EC5 /* Assets.xcassets in Resources */ = {isa = PBXBuildFile; fileRef = 54D40B832807600A00545EC5 /* Assets.xcassets */; };
		54D40B872807600A00545EC5 /* LaunchScreen.storyboard in Resources */ = {isa = PBXBuildFile; fileRef = 54D40B852807600A00545EC5 /* LaunchScreen.storyboard */; };
		54D40B97280765BE00545EC5 /* Raleway-Regular.ttf in Resources */ = {isa = PBXBuildFile; fileRef = 54D40B94280765BE00545EC5 /* Raleway-Regular.ttf */; };
		54D40B98280765BE00545EC5 /* Raleway-Bold.ttf in Resources */ = {isa = PBXBuildFile; fileRef = 54D40B95280765BE00545EC5 /* Raleway-Bold.ttf */; };
		54D40B99280765BE00545EC5 /* Raleway-SemiBold.ttf in Resources */ = {isa = PBXBuildFile; fileRef = 54D40B96280765BE00545EC5 /* Raleway-SemiBold.ttf */; };
		54D40B9C28076C3900545EC5 /* UIColor+.swift in Sources */ = {isa = PBXBuildFile; fileRef = 54D40B9B28076C3900545EC5 /* UIColor+.swift */; };
		54D40B9F28076D2700545EC5 /* MovieTarget.swift in Sources */ = {isa = PBXBuildFile; fileRef = 54D40B9E28076D2700545EC5 /* MovieTarget.swift */; };
		54D40BA228076DD700545EC5 /* Moya in Frameworks */ = {isa = PBXBuildFile; productRef = 54D40BA128076DD700545EC5 /* Moya */; };
		54D40BA428076F3D00545EC5 /* MovieService.swift in Sources */ = {isa = PBXBuildFile; fileRef = 54D40BA328076F3D00545EC5 /* MovieService.swift */; };
		54D40BAF28076FAB00545EC5 /* Genre.swift in Sources */ = {isa = PBXBuildFile; fileRef = 54D40BA928076FAA00545EC5 /* Genre.swift */; };
		54D40BB028076FAB00545EC5 /* MoviesPageResponse.swift in Sources */ = {isa = PBXBuildFile; fileRef = 54D40BAA28076FAA00545EC5 /* MoviesPageResponse.swift */; };
		54D40BB128076FAB00545EC5 /* SpokenLanguage.swift in Sources */ = {isa = PBXBuildFile; fileRef = 54D40BAC28076FAA00545EC5 /* SpokenLanguage.swift */; };
		54D40BB228076FAB00545EC5 /* MovieDetailResponse.swift in Sources */ = {isa = PBXBuildFile; fileRef = 54D40BAE28076FAB00545EC5 /* MovieDetailResponse.swift */; };
		54D40BB328076FAB00545EC5 /* BelongsToCollection.swift in Sources */ = {isa = PBXBuildFile; fileRef = 54D40BAD28076FAB00545EC5 /* BelongsToCollection.swift */; };
		54D40BB428076FAB00545EC5 /* ProductionCountry.swift in Sources */ = {isa = PBXBuildFile; fileRef = 54D40BA728076FA900545EC5 /* ProductionCountry.swift */; };
		54D40BB528076FAB00545EC5 /* ProductionCompany.swift in Sources */ = {isa = PBXBuildFile; fileRef = 54D40BAB28076FAA00545EC5 /* ProductionCompany.swift */; };
		54D40BB628076FAB00545EC5 /* MovieResponse.swift in Sources */ = {isa = PBXBuildFile; fileRef = 54D40BA828076FAA00545EC5 /* MovieResponse.swift */; };
		54D40BB92807724B00545EC5 /* UIImageView+.swift in Sources */ = {isa = PBXBuildFile; fileRef = 54D40BB82807724B00545EC5 /* UIImageView+.swift */; };
		54D40BBB2807727D00545EC5 /* UIViewController+.swift in Sources */ = {isa = PBXBuildFile; fileRef = 54D40BBA2807727D00545EC5 /* UIViewController+.swift */; };
		54D40BC2280772C200545EC5 /* CellConstants.swift in Sources */ = {isa = PBXBuildFile; fileRef = 54D40BBD280772C200545EC5 /* CellConstants.swift */; };
		54D40BC3280772C200545EC5 /* TabBarConstants.swift in Sources */ = {isa = PBXBuildFile; fileRef = 54D40BBE280772C200545EC5 /* TabBarConstants.swift */; };
		54D40BC4280772C200545EC5 /* NavBarConstants.swift in Sources */ = {isa = PBXBuildFile; fileRef = 54D40BBF280772C200545EC5 /* NavBarConstants.swift */; };
		54D40BC5280772C200545EC5 /* NetworkConstants.swift in Sources */ = {isa = PBXBuildFile; fileRef = 54D40BC0280772C200545EC5 /* NetworkConstants.swift */; };
		54D40BC6280772C200545EC5 /* Insets.swift in Sources */ = {isa = PBXBuildFile; fileRef = 54D40BC1280772C200545EC5 /* Insets.swift */; };
		54D40BD528077E0D00545EC5 /* LoadingIndicator.swift in Sources */ = {isa = PBXBuildFile; fileRef = 54D40BD428077E0D00545EC5 /* LoadingIndicator.swift */; };
		54D40BD728077E4300545EC5 /* LoadingDisplayable.swift in Sources */ = {isa = PBXBuildFile; fileRef = 54D40BD628077E4300545EC5 /* LoadingDisplayable.swift */; };
		54D40BD9280780CA00545EC5 /* HomeInteractorProtocol.swift in Sources */ = {isa = PBXBuildFile; fileRef = 54D40BD8280780CA00545EC5 /* HomeInteractorProtocol.swift */; };
		54D40BDB280781E100545EC5 /* HomeInteractor.swift in Sources */ = {isa = PBXBuildFile; fileRef = 54D40BDA280781E100545EC5 /* HomeInteractor.swift */; };
		54D40BDD280784CA00545EC5 /* HomeView.swift in Sources */ = {isa = PBXBuildFile; fileRef = 54D40BDC280784CA00545EC5 /* HomeView.swift */; };
		54D40BDF2808006600545EC5 /* HomeViewProtocol.swift in Sources */ = {isa = PBXBuildFile; fileRef = 54D40BDE2808006500545EC5 /* HomeViewProtocol.swift */; };
		54D40BE2280800E100545EC5 /* Model.swift in Sources */ = {isa = PBXBuildFile; fileRef = 54D40BE1280800E100545EC5 /* Model.swift */; };
		54D40BE42808013C00545EC5 /* MovieCell.swift in Sources */ = {isa = PBXBuildFile; fileRef = 54D40BE32808013C00545EC5 /* MovieCell.swift */; };
		54D40BE6280803BD00545EC5 /* HomeModuleOutput.swift in Sources */ = {isa = PBXBuildFile; fileRef = 54D40BE5280803BD00545EC5 /* HomeModuleOutput.swift */; };
		54D40BE8280803D000545EC5 /* HomePresenter.swift in Sources */ = {isa = PBXBuildFile; fileRef = 54D40BE7280803D000545EC5 /* HomePresenter.swift */; };
		54D40BEB2808049100545EC5 /* MovieView.swift in Sources */ = {isa = PBXBuildFile; fileRef = 54D40BEA2808049100545EC5 /* MovieView.swift */; };
		54D40BED2808049B00545EC5 /* HeightProvider.swift in Sources */ = {isa = PBXBuildFile; fileRef = 54D40BEC2808049B00545EC5 /* HeightProvider.swift */; };
		54D40BF12808168100545EC5 /* ThumbnailView.swift in Sources */ = {isa = PBXBuildFile; fileRef = 54D40BF02808168100545EC5 /* ThumbnailView.swift */; };
		54D40BF32808186000545EC5 /* ImageHeightProvider.swift in Sources */ = {isa = PBXBuildFile; fileRef = 54D40BF22808186000545EC5 /* ImageHeightProvider.swift */; };
		54D40BF8280820F300545EC5 /* HomeAssembly.swift in Sources */ = {isa = PBXBuildFile; fileRef = 54D40BF7280820F300545EC5 /* HomeAssembly.swift */; };
		54D40C012808266C00545EC5 /* TabBarCoordinator.swift in Sources */ = {isa = PBXBuildFile; fileRef = 54D40C002808266C00545EC5 /* TabBarCoordinator.swift */; };
		54D40C032808269500545EC5 /* CoordinatorProtocol.swift in Sources */ = {isa = PBXBuildFile; fileRef = 54D40C022808269500545EC5 /* CoordinatorProtocol.swift */; };
		54D40C062808296E00545EC5 /* HomeCoordinator.swift in Sources */ = {isa = PBXBuildFile; fileRef = 54D40C052808296E00545EC5 /* HomeCoordinator.swift */; };
/* End PBXBuildFile section */

/* Begin PBXFileReference section */
		54D40B772807600500545EC5 /* Films_Viper.app */ = {isa = PBXFileReference; explicitFileType = wrapper.application; includeInIndex = 0; path = Films_Viper.app; sourceTree = BUILT_PRODUCTS_DIR; };
		54D40B7A2807600500545EC5 /* AppDelegate.swift */ = {isa = PBXFileReference; lastKnownFileType = sourcecode.swift; path = AppDelegate.swift; sourceTree = "<group>"; };
		54D40B7C2807600500545EC5 /* SceneDelegate.swift */ = {isa = PBXFileReference; lastKnownFileType = sourcecode.swift; path = SceneDelegate.swift; sourceTree = "<group>"; };
		54D40B832807600A00545EC5 /* Assets.xcassets */ = {isa = PBXFileReference; lastKnownFileType = folder.assetcatalog; path = Assets.xcassets; sourceTree = "<group>"; };
		54D40B862807600A00545EC5 /* Base */ = {isa = PBXFileReference; lastKnownFileType = file.storyboard; name = Base; path = Base.lproj/LaunchScreen.storyboard; sourceTree = "<group>"; };
		54D40B882807600A00545EC5 /* Info.plist */ = {isa = PBXFileReference; lastKnownFileType = text.plist.xml; path = Info.plist; sourceTree = "<group>"; };
		54D40B94280765BE00545EC5 /* Raleway-Regular.ttf */ = {isa = PBXFileReference; lastKnownFileType = file; path = "Raleway-Regular.ttf"; sourceTree = "<group>"; };
		54D40B95280765BE00545EC5 /* Raleway-Bold.ttf */ = {isa = PBXFileReference; lastKnownFileType = file; path = "Raleway-Bold.ttf"; sourceTree = "<group>"; };
		54D40B96280765BE00545EC5 /* Raleway-SemiBold.ttf */ = {isa = PBXFileReference; lastKnownFileType = file; path = "Raleway-SemiBold.ttf"; sourceTree = "<group>"; };
		54D40B9B28076C3900545EC5 /* UIColor+.swift */ = {isa = PBXFileReference; lastKnownFileType = sourcecode.swift; path = "UIColor+.swift"; sourceTree = "<group>"; };
		54D40B9E28076D2700545EC5 /* MovieTarget.swift */ = {isa = PBXFileReference; lastKnownFileType = sourcecode.swift; path = MovieTarget.swift; sourceTree = "<group>"; };
		54D40BA328076F3D00545EC5 /* MovieService.swift */ = {isa = PBXFileReference; lastKnownFileType = sourcecode.swift; path = MovieService.swift; sourceTree = "<group>"; };
		54D40BA728076FA900545EC5 /* ProductionCountry.swift */ = {isa = PBXFileReference; lastKnownFileType = sourcecode.swift; path = ProductionCountry.swift; sourceTree = "<group>"; };
		54D40BA828076FAA00545EC5 /* MovieResponse.swift */ = {isa = PBXFileReference; lastKnownFileType = sourcecode.swift; path = MovieResponse.swift; sourceTree = "<group>"; };
		54D40BA928076FAA00545EC5 /* Genre.swift */ = {isa = PBXFileReference; lastKnownFileType = sourcecode.swift; path = Genre.swift; sourceTree = "<group>"; };
		54D40BAA28076FAA00545EC5 /* MoviesPageResponse.swift */ = {isa = PBXFileReference; lastKnownFileType = sourcecode.swift; path = MoviesPageResponse.swift; sourceTree = "<group>"; };
		54D40BAB28076FAA00545EC5 /* ProductionCompany.swift */ = {isa = PBXFileReference; lastKnownFileType = sourcecode.swift; path = ProductionCompany.swift; sourceTree = "<group>"; };
		54D40BAC28076FAA00545EC5 /* SpokenLanguage.swift */ = {isa = PBXFileReference; lastKnownFileType = sourcecode.swift; path = SpokenLanguage.swift; sourceTree = "<group>"; };
		54D40BAD28076FAB00545EC5 /* BelongsToCollection.swift */ = {isa = PBXFileReference; lastKnownFileType = sourcecode.swift; path = BelongsToCollection.swift; sourceTree = "<group>"; };
		54D40BAE28076FAB00545EC5 /* MovieDetailResponse.swift */ = {isa = PBXFileReference; lastKnownFileType = sourcecode.swift; path = MovieDetailResponse.swift; sourceTree = "<group>"; };
		54D40BB82807724B00545EC5 /* UIImageView+.swift */ = {isa = PBXFileReference; lastKnownFileType = sourcecode.swift; path = "UIImageView+.swift"; sourceTree = "<group>"; };
		54D40BBA2807727D00545EC5 /* UIViewController+.swift */ = {isa = PBXFileReference; lastKnownFileType = sourcecode.swift; path = "UIViewController+.swift"; sourceTree = "<group>"; };
		54D40BBD280772C200545EC5 /* CellConstants.swift */ = {isa = PBXFileReference; fileEncoding = 4; lastKnownFileType = sourcecode.swift; path = CellConstants.swift; sourceTree = "<group>"; };
		54D40BBE280772C200545EC5 /* TabBarConstants.swift */ = {isa = PBXFileReference; fileEncoding = 4; lastKnownFileType = sourcecode.swift; path = TabBarConstants.swift; sourceTree = "<group>"; };
		54D40BBF280772C200545EC5 /* NavBarConstants.swift */ = {isa = PBXFileReference; fileEncoding = 4; lastKnownFileType = sourcecode.swift; path = NavBarConstants.swift; sourceTree = "<group>"; };
		54D40BC0280772C200545EC5 /* NetworkConstants.swift */ = {isa = PBXFileReference; fileEncoding = 4; lastKnownFileType = sourcecode.swift; path = NetworkConstants.swift; sourceTree = "<group>"; };
		54D40BC1280772C200545EC5 /* Insets.swift */ = {isa = PBXFileReference; fileEncoding = 4; lastKnownFileType = sourcecode.swift; path = Insets.swift; sourceTree = "<group>"; };
		54D40BD428077E0D00545EC5 /* LoadingIndicator.swift */ = {isa = PBXFileReference; lastKnownFileType = sourcecode.swift; path = LoadingIndicator.swift; sourceTree = "<group>"; };
		54D40BD628077E4300545EC5 /* LoadingDisplayable.swift */ = {isa = PBXFileReference; lastKnownFileType = sourcecode.swift; path = LoadingDisplayable.swift; sourceTree = "<group>"; };
		54D40BD8280780CA00545EC5 /* HomeInteractorProtocol.swift */ = {isa = PBXFileReference; lastKnownFileType = sourcecode.swift; path = HomeInteractorProtocol.swift; sourceTree = "<group>"; };
		54D40BDA280781E100545EC5 /* HomeInteractor.swift */ = {isa = PBXFileReference; lastKnownFileType = sourcecode.swift; path = HomeInteractor.swift; sourceTree = "<group>"; };
		54D40BDC280784CA00545EC5 /* HomeView.swift */ = {isa = PBXFileReference; lastKnownFileType = sourcecode.swift; path = HomeView.swift; sourceTree = "<group>"; };
		54D40BDE2808006500545EC5 /* HomeViewProtocol.swift */ = {isa = PBXFileReference; lastKnownFileType = sourcecode.swift; path = HomeViewProtocol.swift; sourceTree = "<group>"; };
		54D40BE1280800E100545EC5 /* Model.swift */ = {isa = PBXFileReference; lastKnownFileType = sourcecode.swift; path = Model.swift; sourceTree = "<group>"; };
		54D40BE32808013C00545EC5 /* MovieCell.swift */ = {isa = PBXFileReference; lastKnownFileType = sourcecode.swift; path = MovieCell.swift; sourceTree = "<group>"; };
		54D40BE5280803BD00545EC5 /* HomeModuleOutput.swift */ = {isa = PBXFileReference; lastKnownFileType = sourcecode.swift; path = HomeModuleOutput.swift; sourceTree = "<group>"; };
		54D40BE7280803D000545EC5 /* HomePresenter.swift */ = {isa = PBXFileReference; lastKnownFileType = sourcecode.swift; path = HomePresenter.swift; sourceTree = "<group>"; };
		54D40BEA2808049100545EC5 /* MovieView.swift */ = {isa = PBXFileReference; lastKnownFileType = sourcecode.swift; path = MovieView.swift; sourceTree = "<group>"; };
		54D40BEC2808049B00545EC5 /* HeightProvider.swift */ = {isa = PBXFileReference; lastKnownFileType = sourcecode.swift; path = HeightProvider.swift; sourceTree = "<group>"; };
		54D40BF02808168100545EC5 /* ThumbnailView.swift */ = {isa = PBXFileReference; lastKnownFileType = sourcecode.swift; path = ThumbnailView.swift; sourceTree = "<group>"; };
		54D40BF22808186000545EC5 /* ImageHeightProvider.swift */ = {isa = PBXFileReference; lastKnownFileType = sourcecode.swift; path = ImageHeightProvider.swift; sourceTree = "<group>"; };
		54D40BF7280820F300545EC5 /* HomeAssembly.swift */ = {isa = PBXFileReference; lastKnownFileType = sourcecode.swift; path = HomeAssembly.swift; sourceTree = "<group>"; };
		54D40C002808266C00545EC5 /* TabBarCoordinator.swift */ = {isa = PBXFileReference; lastKnownFileType = sourcecode.swift; path = TabBarCoordinator.swift; sourceTree = "<group>"; };
		54D40C022808269500545EC5 /* CoordinatorProtocol.swift */ = {isa = PBXFileReference; lastKnownFileType = sourcecode.swift; path = CoordinatorProtocol.swift; sourceTree = "<group>"; };
		54D40C052808296E00545EC5 /* HomeCoordinator.swift */ = {isa = PBXFileReference; lastKnownFileType = sourcecode.swift; path = HomeCoordinator.swift; sourceTree = "<group>"; };
/* End PBXFileReference section */

/* Begin PBXFrameworksBuildPhase section */
		54D40B742807600500545EC5 /* Frameworks */ = {
			isa = PBXFrameworksBuildPhase;
			buildActionMask = 2147483647;
			files = (
				54D40BA228076DD700545EC5 /* Moya in Frameworks */,
			);
			runOnlyForDeploymentPostprocessing = 0;
		};
/* End PBXFrameworksBuildPhase section */

/* Begin PBXGroup section */
		54D40B6E2807600500545EC5 = {
			isa = PBXGroup;
			children = (
				54D40B792807600500545EC5 /* Films_Viper */,
				54D40B782807600500545EC5 /* Products */,
			);
			sourceTree = "<group>";
		};
		54D40B782807600500545EC5 /* Products */ = {
			isa = PBXGroup;
			children = (
				54D40B772807600500545EC5 /* Films_Viper.app */,
			);
			name = Products;
			sourceTree = "<group>";
		};
		54D40B792807600500545EC5 /* Films_Viper */ = {
			isa = PBXGroup;
			children = (
				54D40BFF280825FD00545EC5 /* Coordinators */,
				54D40B8E2807607400545EC5 /* AppFiles */,
				54D40BD228077DBF00545EC5 /* Views */,
				54D40BCB28077D0700545EC5 /* Screens */,
				54D40B9D28076D0600545EC5 /* Networking */,
				54D40B9A28076C2D00545EC5 /* Helpers */,
			);
			path = Films_Viper;
			sourceTree = "<group>";
		};
		54D40B8E2807607400545EC5 /* AppFiles */ = {
			isa = PBXGroup;
			children = (
				54D40B7A2807600500545EC5 /* AppDelegate.swift */,
				54D40B7C2807600500545EC5 /* SceneDelegate.swift */,
				54D40B832807600A00545EC5 /* Assets.xcassets */,
				54D40B852807600A00545EC5 /* LaunchScreen.storyboard */,
				54D40B882807600A00545EC5 /* Info.plist */,
			);
			path = AppFiles;
			sourceTree = "<group>";
		};
		54D40B93280765AD00545EC5 /* Fonts */ = {
			isa = PBXGroup;
			children = (
				54D40B95280765BE00545EC5 /* Raleway-Bold.ttf */,
				54D40B94280765BE00545EC5 /* Raleway-Regular.ttf */,
				54D40B96280765BE00545EC5 /* Raleway-SemiBold.ttf */,
			);
			path = Fonts;
			sourceTree = "<group>";
		};
		54D40B9A28076C2D00545EC5 /* Helpers */ = {
			isa = PBXGroup;
			children = (
				54D40B93280765AD00545EC5 /* Fonts */,
				54D40BBC280772B300545EC5 /* Constants */,
				54D40B9B28076C3900545EC5 /* UIColor+.swift */,
				54D40BB82807724B00545EC5 /* UIImageView+.swift */,
				54D40BBA2807727D00545EC5 /* UIViewController+.swift */,
			);
			path = Helpers;
			sourceTree = "<group>";
		};
		54D40B9D28076D0600545EC5 /* Networking */ = {
			isa = PBXGroup;
			children = (
				54D40B9E28076D2700545EC5 /* MovieTarget.swift */,
				54D40BA328076F3D00545EC5 /* MovieService.swift */,
				54D40BB728076FB800545EC5 /* Model */,
			);
			path = Networking;
			sourceTree = "<group>";
		};
		54D40BB728076FB800545EC5 /* Model */ = {
			isa = PBXGroup;
			children = (
				54D40BAD28076FAB00545EC5 /* BelongsToCollection.swift */,
				54D40BA928076FAA00545EC5 /* Genre.swift */,
				54D40BAE28076FAB00545EC5 /* MovieDetailResponse.swift */,
				54D40BA828076FAA00545EC5 /* MovieResponse.swift */,
				54D40BAA28076FAA00545EC5 /* MoviesPageResponse.swift */,
				54D40BAB28076FAA00545EC5 /* ProductionCompany.swift */,
				54D40BA728076FA900545EC5 /* ProductionCountry.swift */,
				54D40BAC28076FAA00545EC5 /* SpokenLanguage.swift */,
			);
			path = Model;
			sourceTree = "<group>";
		};
		54D40BBC280772B300545EC5 /* Constants */ = {
			isa = PBXGroup;
			children = (
				54D40BBD280772C200545EC5 /* CellConstants.swift */,
				54D40BC1280772C200545EC5 /* Insets.swift */,
				54D40BBF280772C200545EC5 /* NavBarConstants.swift */,
				54D40BC0280772C200545EC5 /* NetworkConstants.swift */,
				54D40BBE280772C200545EC5 /* TabBarConstants.swift */,
			);
			path = Constants;
			sourceTree = "<group>";
		};
		54D40BCB28077D0700545EC5 /* Screens */ = {
			isa = PBXGroup;
			children = (
				54D40BCC28077D1900545EC5 /* HomeScreen */,
			);
			path = Screens;
			sourceTree = "<group>";
		};
		54D40BCC28077D1900545EC5 /* HomeScreen */ = {
			isa = PBXGroup;
			children = (
				54D40BCD28077D3300545EC5 /* Assembly */,
				54D40BD028077D5200545EC5 /* Interactor */,
				54D40BCF28077D4900545EC5 /* Presenter */,
				54D40BCE28077D4100545EC5 /* View */,
			);
			path = HomeScreen;
			sourceTree = "<group>";
		};
		54D40BCD28077D3300545EC5 /* Assembly */ = {
			isa = PBXGroup;
			children = (
				54D40BF7280820F300545EC5 /* HomeAssembly.swift */,
			);
			path = Assembly;
			sourceTree = "<group>";
		};
		54D40BCE28077D4100545EC5 /* View */ = {
			isa = PBXGroup;
			children = (
				54D40BDC280784CA00545EC5 /* HomeView.swift */,
				54D40BDE2808006500545EC5 /* HomeViewProtocol.swift */,
			);
			path = View;
			sourceTree = "<group>";
		};
		54D40BCF28077D4900545EC5 /* Presenter */ = {
			isa = PBXGroup;
			children = (
				54D40BE5280803BD00545EC5 /* HomeModuleOutput.swift */,
				54D40BE7280803D000545EC5 /* HomePresenter.swift */,
			);
			path = Presenter;
			sourceTree = "<group>";
		};
		54D40BD028077D5200545EC5 /* Interactor */ = {
			isa = PBXGroup;
			children = (
				54D40BD8280780CA00545EC5 /* HomeInteractorProtocol.swift */,
				54D40BDA280781E100545EC5 /* HomeInteractor.swift */,
			);
			path = Interactor;
			sourceTree = "<group>";
		};
		54D40BD228077DBF00545EC5 /* Views */ = {
			isa = PBXGroup;
			children = (
				54D40BEE2808165100545EC5 /* Cell */,
				54D40BEF2808166600545EC5 /* ThumbnailView */,
				54D40BE92808047B00545EC5 /* MovieView */,
				54D40BD328077DCB00545EC5 /* LoadingView */,
			);
			path = Views;
			sourceTree = "<group>";
		};
		54D40BD328077DCB00545EC5 /* LoadingView */ = {
			isa = PBXGroup;
			children = (
				54D40BD428077E0D00545EC5 /* LoadingIndicator.swift */,
				54D40BD628077E4300545EC5 /* LoadingDisplayable.swift */,
			);
			path = LoadingView;
			sourceTree = "<group>";
		};
		54D40BE0280800C800545EC5 /* MovieCell */ = {
			isa = PBXGroup;
			children = (
				54D40BE32808013C00545EC5 /* MovieCell.swift */,
				54D40BE1280800E100545EC5 /* Model.swift */,
			);
			path = MovieCell;
			sourceTree = "<group>";
		};
		54D40BE92808047B00545EC5 /* MovieView */ = {
			isa = PBXGroup;
			children = (
				54D40BEA2808049100545EC5 /* MovieView.swift */,
				54D40BEC2808049B00545EC5 /* HeightProvider.swift */,
			);
			path = MovieView;
			sourceTree = "<group>";
		};
		54D40BEE2808165100545EC5 /* Cell */ = {
			isa = PBXGroup;
			children = (
				54D40BE0280800C800545EC5 /* MovieCell */,
				54D40BF22808186000545EC5 /* ImageHeightProvider.swift */,
			);
			path = Cell;
			sourceTree = "<group>";
		};
		54D40BEF2808166600545EC5 /* ThumbnailView */ = {
			isa = PBXGroup;
			children = (
				54D40BF02808168100545EC5 /* ThumbnailView.swift */,
			);
			path = ThumbnailView;
			sourceTree = "<group>";
		};
		54D40BFF280825FD00545EC5 /* Coordinators */ = {
			isa = PBXGroup;
			children = (
				54D40C042808296300545EC5 /* HomeCoordinator */,
				54D40C002808266C00545EC5 /* TabBarCoordinator.swift */,
				54D40C022808269500545EC5 /* CoordinatorProtocol.swift */,
			);
			path = Coordinators;
			sourceTree = "<group>";
		};
		54D40C042808296300545EC5 /* HomeCoordinator */ = {
			isa = PBXGroup;
			children = (
				54D40C052808296E00545EC5 /* HomeCoordinator.swift */,
			);
			path = HomeCoordinator;
			sourceTree = "<group>";
		};
/* End PBXGroup section */

/* Begin PBXNativeTarget section */
		54D40B762807600500545EC5 /* Films_Viper */ = {
			isa = PBXNativeTarget;
			buildConfigurationList = 54D40B8B2807600A00545EC5 /* Build configuration list for PBXNativeTarget "Films_Viper" */;
			buildPhases = (
				54D40B732807600500545EC5 /* Sources */,
				54D40B742807600500545EC5 /* Frameworks */,
				54D40B752807600500545EC5 /* Resources */,
			);
			buildRules = (
			);
			dependencies = (
			);
			name = Films_Viper;
			packageProductDependencies = (
				54D40BA128076DD700545EC5 /* Moya */,
			);
			productName = Films_Viper;
			productReference = 54D40B772807600500545EC5 /* Films_Viper.app */;
			productType = "com.apple.product-type.application";
		};
/* End PBXNativeTarget section */

/* Begin PBXProject section */
		54D40B6F2807600500545EC5 /* Project object */ = {
			isa = PBXProject;
			attributes = {
				BuildIndependentTargetsInParallel = 1;
				LastSwiftUpdateCheck = 1330;
				LastUpgradeCheck = 1330;
				TargetAttributes = {
					54D40B762807600500545EC5 = {
						CreatedOnToolsVersion = 13.3;
					};
				};
			};
			buildConfigurationList = 54D40B722807600500545EC5 /* Build configuration list for PBXProject "Films_Viper" */;
			compatibilityVersion = "Xcode 13.0";
			developmentRegion = en;
			hasScannedForEncodings = 0;
			knownRegions = (
				en,
				Base,
			);
			mainGroup = 54D40B6E2807600500545EC5;
			packageReferences = (
				54D40B8F2807610000545EC5 /* XCRemoteSwiftPackageReference "Moya" */,
				54D40BA028076DD700545EC5 /* XCRemoteSwiftPackageReference "Moya" */,
			);
			productRefGroup = 54D40B782807600500545EC5 /* Products */;
			projectDirPath = "";
			projectRoot = "";
			targets = (
				54D40B762807600500545EC5 /* Films_Viper */,
			);
		};
/* End PBXProject section */

/* Begin PBXResourcesBuildPhase section */
		54D40B752807600500545EC5 /* Resources */ = {
			isa = PBXResourcesBuildPhase;
			buildActionMask = 2147483647;
			files = (
				54D40B872807600A00545EC5 /* LaunchScreen.storyboard in Resources */,
				54D40B97280765BE00545EC5 /* Raleway-Regular.ttf in Resources */,
				54D40B842807600A00545EC5 /* Assets.xcassets in Resources */,
				54D40B98280765BE00545EC5 /* Raleway-Bold.ttf in Resources */,
				54D40B99280765BE00545EC5 /* Raleway-SemiBold.ttf in Resources */,
			);
			runOnlyForDeploymentPostprocessing = 0;
		};
/* End PBXResourcesBuildPhase section */

/* Begin PBXSourcesBuildPhase section */
		54D40B732807600500545EC5 /* Sources */ = {
			isa = PBXSourcesBuildPhase;
			buildActionMask = 2147483647;
			files = (
				54D40BD728077E4300545EC5 /* LoadingDisplayable.swift in Sources */,
				54D40BF8280820F300545EC5 /* HomeAssembly.swift in Sources */,
				54D40BD528077E0D00545EC5 /* LoadingIndicator.swift in Sources */,
				54D40BB628076FAB00545EC5 /* MovieResponse.swift in Sources */,
				54D40BE8280803D000545EC5 /* HomePresenter.swift in Sources */,
				54D40B7B2807600500545EC5 /* AppDelegate.swift in Sources */,
				54D40BEB2808049100545EC5 /* MovieView.swift in Sources */,
				54D40BBB2807727D00545EC5 /* UIViewController+.swift in Sources */,
				54D40BC4280772C200545EC5 /* NavBarConstants.swift in Sources */,
				54D40BB92807724B00545EC5 /* UIImageView+.swift in Sources */,
				54D40BE2280800E100545EC5 /* Model.swift in Sources */,
				54D40BDF2808006600545EC5 /* HomeViewProtocol.swift in Sources */,
				54D40BF12808168100545EC5 /* ThumbnailView.swift in Sources */,
				54D40BC6280772C200545EC5 /* Insets.swift in Sources */,
				54D40C012808266C00545EC5 /* TabBarCoordinator.swift in Sources */,
				54D40BDB280781E100545EC5 /* HomeInteractor.swift in Sources */,
				54D40BF32808186000545EC5 /* ImageHeightProvider.swift in Sources */,
				54D40B7D2807600500545EC5 /* SceneDelegate.swift in Sources */,
				54D40BB028076FAB00545EC5 /* MoviesPageResponse.swift in Sources */,
				54D40BED2808049B00545EC5 /* HeightProvider.swift in Sources */,
				54D40BB328076FAB00545EC5 /* BelongsToCollection.swift in Sources */,
				54D40BB128076FAB00545EC5 /* SpokenLanguage.swift in Sources */,
				54D40BE42808013C00545EC5 /* MovieCell.swift in Sources */,
				54D40C032808269500545EC5 /* CoordinatorProtocol.swift in Sources */,
				54D40B9F28076D2700545EC5 /* MovieTarget.swift in Sources */,
				54D40BE6280803BD00545EC5 /* HomeModuleOutput.swift in Sources */,
				54D40BD9280780CA00545EC5 /* HomeInteractorProtocol.swift in Sources */,
				54D40BDD280784CA00545EC5 /* HomeView.swift in Sources */,
				54D40BC5280772C200545EC5 /* NetworkConstants.swift in Sources */,
				54D40BB228076FAB00545EC5 /* MovieDetailResponse.swift in Sources */,
				54D40BAF28076FAB00545EC5 /* Genre.swift in Sources */,
				54D40BC2280772C200545EC5 /* CellConstants.swift in Sources */,
				54D40BB528076FAB00545EC5 /* ProductionCompany.swift in Sources */,
				54D40BC3280772C200545EC5 /* TabBarConstants.swift in Sources */,
				54D40B9C28076C3900545EC5 /* UIColor+.swift in Sources */,
				54D40BA428076F3D00545EC5 /* MovieService.swift in Sources */,
				54D40BB428076FAB00545EC5 /* ProductionCountry.swift in Sources */,
				54D40C062808296E00545EC5 /* HomeCoordinator.swift in Sources */,
			);
			runOnlyForDeploymentPostprocessing = 0;
		};
/* End PBXSourcesBuildPhase section */

/* Begin PBXVariantGroup section */
		54D40B852807600A00545EC5 /* LaunchScreen.storyboard */ = {
			isa = PBXVariantGroup;
			children = (
				54D40B862807600A00545EC5 /* Base */,
			);
			name = LaunchScreen.storyboard;
			sourceTree = "<group>";
		};
/* End PBXVariantGroup section */

/* Begin XCBuildConfiguration section */
		54D40B892807600A00545EC5 /* Debug */ = {
			isa = XCBuildConfiguration;
			buildSettings = {
				ALWAYS_SEARCH_USER_PATHS = NO;
				CLANG_ANALYZER_NONNULL = YES;
				CLANG_ANALYZER_NUMBER_OBJECT_CONVERSION = YES_AGGRESSIVE;
				CLANG_CXX_LANGUAGE_STANDARD = "gnu++17";
				CLANG_ENABLE_MODULES = YES;
				CLANG_ENABLE_OBJC_ARC = YES;
				CLANG_ENABLE_OBJC_WEAK = YES;
				CLANG_WARN_BLOCK_CAPTURE_AUTORELEASING = YES;
				CLANG_WARN_BOOL_CONVERSION = YES;
				CLANG_WARN_COMMA = YES;
				CLANG_WARN_CONSTANT_CONVERSION = YES;
				CLANG_WARN_DEPRECATED_OBJC_IMPLEMENTATIONS = YES;
				CLANG_WARN_DIRECT_OBJC_ISA_USAGE = YES_ERROR;
				CLANG_WARN_DOCUMENTATION_COMMENTS = YES;
				CLANG_WARN_EMPTY_BODY = YES;
				CLANG_WARN_ENUM_CONVERSION = YES;
				CLANG_WARN_INFINITE_RECURSION = YES;
				CLANG_WARN_INT_CONVERSION = YES;
				CLANG_WARN_NON_LITERAL_NULL_CONVERSION = YES;
				CLANG_WARN_OBJC_IMPLICIT_RETAIN_SELF = YES;
				CLANG_WARN_OBJC_LITERAL_CONVERSION = YES;
				CLANG_WARN_OBJC_ROOT_CLASS = YES_ERROR;
				CLANG_WARN_QUOTED_INCLUDE_IN_FRAMEWORK_HEADER = YES;
				CLANG_WARN_RANGE_LOOP_ANALYSIS = YES;
				CLANG_WARN_STRICT_PROTOTYPES = YES;
				CLANG_WARN_SUSPICIOUS_MOVE = YES;
				CLANG_WARN_UNGUARDED_AVAILABILITY = YES_AGGRESSIVE;
				CLANG_WARN_UNREACHABLE_CODE = YES;
				CLANG_WARN__DUPLICATE_METHOD_MATCH = YES;
				COPY_PHASE_STRIP = NO;
				DEBUG_INFORMATION_FORMAT = dwarf;
				ENABLE_STRICT_OBJC_MSGSEND = YES;
				ENABLE_TESTABILITY = YES;
				GCC_C_LANGUAGE_STANDARD = gnu11;
				GCC_DYNAMIC_NO_PIC = NO;
				GCC_NO_COMMON_BLOCKS = YES;
				GCC_OPTIMIZATION_LEVEL = 0;
				GCC_PREPROCESSOR_DEFINITIONS = (
					"DEBUG=1",
					"$(inherited)",
				);
				GCC_WARN_64_TO_32_BIT_CONVERSION = YES;
				GCC_WARN_ABOUT_RETURN_TYPE = YES_ERROR;
				GCC_WARN_UNDECLARED_SELECTOR = YES;
				GCC_WARN_UNINITIALIZED_AUTOS = YES_AGGRESSIVE;
				GCC_WARN_UNUSED_FUNCTION = YES;
				GCC_WARN_UNUSED_VARIABLE = YES;
				IPHONEOS_DEPLOYMENT_TARGET = 13.0;
				MTL_ENABLE_DEBUG_INFO = INCLUDE_SOURCE;
				MTL_FAST_MATH = YES;
				ONLY_ACTIVE_ARCH = YES;
				SDKROOT = iphoneos;
				SWIFT_ACTIVE_COMPILATION_CONDITIONS = DEBUG;
				SWIFT_OPTIMIZATION_LEVEL = "-Onone";
			};
			name = Debug;
		};
		54D40B8A2807600A00545EC5 /* Release */ = {
			isa = XCBuildConfiguration;
			buildSettings = {
				ALWAYS_SEARCH_USER_PATHS = NO;
				CLANG_ANALYZER_NONNULL = YES;
				CLANG_ANALYZER_NUMBER_OBJECT_CONVERSION = YES_AGGRESSIVE;
				CLANG_CXX_LANGUAGE_STANDARD = "gnu++17";
				CLANG_ENABLE_MODULES = YES;
				CLANG_ENABLE_OBJC_ARC = YES;
				CLANG_ENABLE_OBJC_WEAK = YES;
				CLANG_WARN_BLOCK_CAPTURE_AUTORELEASING = YES;
				CLANG_WARN_BOOL_CONVERSION = YES;
				CLANG_WARN_COMMA = YES;
				CLANG_WARN_CONSTANT_CONVERSION = YES;
				CLANG_WARN_DEPRECATED_OBJC_IMPLEMENTATIONS = YES;
				CLANG_WARN_DIRECT_OBJC_ISA_USAGE = YES_ERROR;
				CLANG_WARN_DOCUMENTATION_COMMENTS = YES;
				CLANG_WARN_EMPTY_BODY = YES;
				CLANG_WARN_ENUM_CONVERSION = YES;
				CLANG_WARN_INFINITE_RECURSION = YES;
				CLANG_WARN_INT_CONVERSION = YES;
				CLANG_WARN_NON_LITERAL_NULL_CONVERSION = YES;
				CLANG_WARN_OBJC_IMPLICIT_RETAIN_SELF = YES;
				CLANG_WARN_OBJC_LITERAL_CONVERSION = YES;
				CLANG_WARN_OBJC_ROOT_CLASS = YES_ERROR;
				CLANG_WARN_QUOTED_INCLUDE_IN_FRAMEWORK_HEADER = YES;
				CLANG_WARN_RANGE_LOOP_ANALYSIS = YES;
				CLANG_WARN_STRICT_PROTOTYPES = YES;
				CLANG_WARN_SUSPICIOUS_MOVE = YES;
				CLANG_WARN_UNGUARDED_AVAILABILITY = YES_AGGRESSIVE;
				CLANG_WARN_UNREACHABLE_CODE = YES;
				CLANG_WARN__DUPLICATE_METHOD_MATCH = YES;
				COPY_PHASE_STRIP = NO;
				DEBUG_INFORMATION_FORMAT = "dwarf-with-dsym";
				ENABLE_NS_ASSERTIONS = NO;
				ENABLE_STRICT_OBJC_MSGSEND = YES;
				GCC_C_LANGUAGE_STANDARD = gnu11;
				GCC_NO_COMMON_BLOCKS = YES;
				GCC_WARN_64_TO_32_BIT_CONVERSION = YES;
				GCC_WARN_ABOUT_RETURN_TYPE = YES_ERROR;
				GCC_WARN_UNDECLARED_SELECTOR = YES;
				GCC_WARN_UNINITIALIZED_AUTOS = YES_AGGRESSIVE;
				GCC_WARN_UNUSED_FUNCTION = YES;
				GCC_WARN_UNUSED_VARIABLE = YES;
				IPHONEOS_DEPLOYMENT_TARGET = 13.0;
				MTL_ENABLE_DEBUG_INFO = NO;
				MTL_FAST_MATH = YES;
				SDKROOT = iphoneos;
				SWIFT_COMPILATION_MODE = wholemodule;
				SWIFT_OPTIMIZATION_LEVEL = "-O";
				VALIDATE_PRODUCT = YES;
			};
			name = Release;
		};
		54D40B8C2807600A00545EC5 /* Debug */ = {
			isa = XCBuildConfiguration;
			buildSettings = {
				ASSETCATALOG_COMPILER_APPICON_NAME = AppIcon;
				ASSETCATALOG_COMPILER_GLOBAL_ACCENT_COLOR_NAME = AccentColor;
				CODE_SIGN_STYLE = Automatic;
				CURRENT_PROJECT_VERSION = 1;
				GENERATE_INFOPLIST_FILE = YES;
				INFOPLIST_FILE = Films_Viper/AppFiles/Info.plist;
				INFOPLIST_KEY_UIApplicationSupportsIndirectInputEvents = YES;
				INFOPLIST_KEY_UILaunchStoryboardName = LaunchScreen;
				INFOPLIST_KEY_UISupportedInterfaceOrientations_iPad = "UIInterfaceOrientationPortrait UIInterfaceOrientationPortraitUpsideDown UIInterfaceOrientationLandscapeLeft UIInterfaceOrientationLandscapeRight";
				INFOPLIST_KEY_UISupportedInterfaceOrientations_iPhone = "UIInterfaceOrientationPortrait UIInterfaceOrientationLandscapeLeft UIInterfaceOrientationLandscapeRight";
				LD_RUNPATH_SEARCH_PATHS = (
					"$(inherited)",
					"@executable_path/Frameworks",
				);
				MARKETING_VERSION = 1.0;
				PRODUCT_BUNDLE_IDENTIFIER = "Anton-Volkov.Films-Viper";
				PRODUCT_NAME = "$(TARGET_NAME)";
				SWIFT_EMIT_LOC_STRINGS = YES;
				SWIFT_VERSION = 5.0;
				TARGETED_DEVICE_FAMILY = "1,2";
			};
			name = Debug;
		};
		54D40B8D2807600A00545EC5 /* Release */ = {
			isa = XCBuildConfiguration;
			buildSettings = {
				ASSETCATALOG_COMPILER_APPICON_NAME = AppIcon;
				ASSETCATALOG_COMPILER_GLOBAL_ACCENT_COLOR_NAME = AccentColor;
				CODE_SIGN_STYLE = Automatic;
				CURRENT_PROJECT_VERSION = 1;
				GENERATE_INFOPLIST_FILE = YES;
				INFOPLIST_FILE = Films_Viper/AppFiles/Info.plist;
				INFOPLIST_KEY_UIApplicationSupportsIndirectInputEvents = YES;
				INFOPLIST_KEY_UILaunchStoryboardName = LaunchScreen;
				INFOPLIST_KEY_UISupportedInterfaceOrientations_iPad = "UIInterfaceOrientationPortrait UIInterfaceOrientationPortraitUpsideDown UIInterfaceOrientationLandscapeLeft UIInterfaceOrientationLandscapeRight";
				INFOPLIST_KEY_UISupportedInterfaceOrientations_iPhone = "UIInterfaceOrientationPortrait UIInterfaceOrientationLandscapeLeft UIInterfaceOrientationLandscapeRight";
				LD_RUNPATH_SEARCH_PATHS = (
					"$(inherited)",
					"@executable_path/Frameworks",
				);
				MARKETING_VERSION = 1.0;
				PRODUCT_BUNDLE_IDENTIFIER = "Anton-Volkov.Films-Viper";
				PRODUCT_NAME = "$(TARGET_NAME)";
				SWIFT_EMIT_LOC_STRINGS = YES;
				SWIFT_VERSION = 5.0;
				TARGETED_DEVICE_FAMILY = "1,2";
			};
			name = Release;
		};
/* End XCBuildConfiguration section */

/* Begin XCConfigurationList section */
		54D40B722807600500545EC5 /* Build configuration list for PBXProject "Films_Viper" */ = {
			isa = XCConfigurationList;
			buildConfigurations = (
				54D40B892807600A00545EC5 /* Debug */,
				54D40B8A2807600A00545EC5 /* Release */,
			);
			defaultConfigurationIsVisible = 0;
			defaultConfigurationName = Release;
		};
		54D40B8B2807600A00545EC5 /* Build configuration list for PBXNativeTarget "Films_Viper" */ = {
			isa = XCConfigurationList;
			buildConfigurations = (
				54D40B8C2807600A00545EC5 /* Debug */,
				54D40B8D2807600A00545EC5 /* Release */,
			);
			defaultConfigurationIsVisible = 0;
			defaultConfigurationName = Release;
		};
/* End XCConfigurationList section */

/* Begin XCRemoteSwiftPackageReference section */
		54D40B8F2807610000545EC5 /* XCRemoteSwiftPackageReference "Moya" */ = {
			isa = XCRemoteSwiftPackageReference;
			repositoryURL = "https://github.com/Moya/Moya.git";
			requirement = {
				kind = upToNextMajorVersion;
				minimumVersion = 9.0.0;
			};
		};
		54D40BA028076DD700545EC5 /* XCRemoteSwiftPackageReference "Moya" */ = {
			isa = XCRemoteSwiftPackageReference;
			repositoryURL = "https://github.com/Moya/Moya.git";
			requirement = {
				branch = master;
				kind = branch;
			};
		};
/* End XCRemoteSwiftPackageReference section */

/* Begin XCSwiftPackageProductDependency section */
		54D40BA128076DD700545EC5 /* Moya */ = {
			isa = XCSwiftPackageProductDependency;
			package = 54D40BA028076DD700545EC5 /* XCRemoteSwiftPackageReference "Moya" */;
			productName = Moya;
		};
/* End XCSwiftPackageProductDependency section */
	};
	rootObject = 54D40B6F2807600500545EC5 /* Project object */;
}
